
Microsoft Visual Studio Solution File, Format Version 12.00
# Visual Studio Version 16
VisualStudioVersion = 16.0.29201.188
MinimumVisualStudioVersion = 10.0.40219.1
Project("{FAE04EC0-301F-11D3-BF4B-00C04F79EFBC}") = "Vidly", "Vidly.csproj", "{610084A4-724B-47D3-AD5C-E6DD971207E5}"
EndProject
Global
	GlobalSection(SolutionConfigurationPlatforms) = preSolution
		Debug|Any CPU = Debug|Any CPU
		Release|Any CPU = Release|Any CPU
	EndGlobalSection
	GlobalSection(ProjectConfigurationPlatforms) = postSolution
		{610084A4-724B-47D3-AD5C-E6DD971207E5}.Debug|Any CPU.ActiveCfg = Debug|Any CPU
		{610084A4-724B-47D3-AD5C-E6DD971207E5}.Debug|Any CPU.Build.0 = Debug|Any CPU
		{610084A4-724B-47D3-AD5C-E6DD971207E5}.Release|Any CPU.ActiveCfg = Release|Any CPU
		{610084A4-724B-47D3-AD5C-E6DD971207E5}.Release|Any CPU.Build.0 = Release|Any CPU
	EndGlobalSection
	GlobalSection(SolutionProperties) = preSolution
		HideSolutionNode = FALSE
	EndGlobalSection
	GlobalSection(ExtensibilityGlobals) = postSolution
		SolutionGuid = {B2A5B73D-1ED7-4866-B65D-DAA4BCBECA71}
	EndGlobalSection
EndGlobal
